
Microsoft Visual Studio Solution File, Format Version 12.00
# Visual Studio 15
VisualStudioVersion = 15.0.28307.757
MinimumVisualStudioVersion = 10.0.40219.1
Project("{FAE04EC0-301F-11D3-BF4B-00C04F79EFBC}") = "WebApplication1", "WebApplication1\WebApplication1.csproj", "{57DD92A1-75B8-416D-89EB-6B7102B59C06}"
EndProject
Global
	GlobalSection(SolutionConfigurationPlatforms) = preSolution
		Debug|Any CPU = Debug|Any CPU
		Release|Any CPU = Release|Any CPU
	EndGlobalSection
	GlobalSection(ProjectConfigurationPlatforms) = postSolution
		{57DD92A1-75B8-416D-89EB-6B7102B59C06}.Debug|Any CPU.ActiveCfg = Debug|Any CPU
		{57DD92A1-75B8-416D-89EB-6B7102B59C06}.Debug|Any CPU.Build.0 = Debug|Any CPU
		{57DD92A1-75B8-416D-89EB-6B7102B59C06}.Release|Any CPU.ActiveCfg = Release|Any CPU
		{57DD92A1-75B8-416D-89EB-6B7102B59C06}.Release|Any CPU.Build.0 = Release|Any CPU
	EndGlobalSection
	GlobalSection(SolutionProperties) = preSolution
		HideSolutionNode = FALSE
	EndGlobalSection
	GlobalSection(ExtensibilityGlobals) = postSolution
		SolutionGuid = {F1EF1B1F-2357-4A24-8B35-04D5A6630D87}
	EndGlobalSection
EndGlobal
